
Microsoft Visual Studio Solution File, Format Version 12.00
# Visual Studio Version 17
VisualStudioVersion = 17.5.002.0
MinimumVisualStudioVersion = 10.0.40219.1
Project("{2150E333-8FDC-42A3-9474-1A3956D46DE8}") = "csharp-prep", "csharp-prep", "{955AB1EF-3C17-47E2-9479-D28E63052D0D}"
EndProject
Project("{9A19103F-16F7-4668-BE54-9A1E7A4F7556}") = "Prep1", "csharp-prep\Prep1\Prep1.csproj", "{DC1E4536-9675-42FE-8466-E9ADEC35CAC7}"
EndProject
Project("{9A19103F-16F7-4668-BE54-9A1E7A4F7556}") = "Prep2", "csharp-prep\Prep2\Prep2.csproj", "{AF5FB453-CAD3-4834-9F91-3493EEE5BC05}"
EndProject
Project("{9A19103F-16F7-4668-BE54-9A1E7A4F7556}") = "Prep3", "csharp-prep\Prep3\Prep3.csproj", "{13842FAE-715F-4FB0-9BA3-15500012DDC8}"
EndProject
Project("{9A19103F-16F7-4668-BE54-9A1E7A4F7556}") = "Prep4", "csharp-prep\Prep4\Prep4.csproj", "{C2FDA1A3-9826-4B8E-9F08-688060CC16BC}"
EndProject
Project("{9A19103F-16F7-4668-BE54-9A1E7A4F7556}") = "Prep5", "csharp-prep\Prep5\Prep5.csproj", "{4F709BD0-1CFB-4F5D-B112-DDB9A941EB43}"
EndProject
Project("{2150E333-8FDC-42A3-9474-1A3956D46DE8}") = "final", "final", "{66D32934-C636-4B82-A93E-C61AD555988E}"
EndProject
Project("{9A19103F-16F7-4668-BE54-9A1E7A4F7556}") = "FinalProject", "final\FinalProject\FinalProject.csproj", "{08022C1D-63AD-45E2-A2E6-BCED8E8F6A9D}"
EndProject
Project("{9A19103F-16F7-4668-BE54-9A1E7A4F7556}") = "Foundation1", "final\Foundation1\Foundation1.csproj", "{F456A039-228A-412A-A9A6-9B1F1E6026B0}"
EndProject
Project("{9A19103F-16F7-4668-BE54-9A1E7A4F7556}") = "Foundation2", "final\Foundation2\Foundation2.csproj", "{AA38980D-7B3B-4574-8E69-F94372E1E186}"
EndProject
Project("{9A19103F-16F7-4668-BE54-9A1E7A4F7556}") = "Foundation3", "final\Foundation3\Foundation3.csproj", "{C27FAF5C-D98F-4396-A028-F3242A172100}"
EndProject
Project("{9A19103F-16F7-4668-BE54-9A1E7A4F7556}") = "Foundation4", "final\Foundation4\Foundation4.csproj", "{1DE82E79-194A-46B0-89D0-59219E760CA2}"
EndProject
Project("{2150E333-8FDC-42A3-9474-1A3956D46DE8}") = "prepare", "prepare", "{61D1A91D-4EE8-4A89-AF83-3E5E6E781C29}"
EndProject
Project("{9A19103F-16F7-4668-BE54-9A1E7A4F7556}") = "Learning02", "prepare\Learning02\Learning02.csproj", "{5A3E38FE-CF23-4EC4-8FA3-F8133A70E2EE}"
EndProject
Project("{9A19103F-16F7-4668-BE54-9A1E7A4F7556}") = "Learning03", "prepare\Learning03\Learning03.csproj", "{1E1B3242-8994-4F2F-B17F-FBACC8772F08}"
EndProject
Project("{9A19103F-16F7-4668-BE54-9A1E7A4F7556}") = "Learning04", "prepare\Learning04\Learning04.csproj", "{B48DD1BE-C553-488B-A2EA-FB0739718C5B}"
EndProject
Project("{9A19103F-16F7-4668-BE54-9A1E7A4F7556}") = "Learning05", "prepare\Learning05\Learning05.csproj", "{BBFAA1AF-A9EA-4A9A-8801-712DBC091E47}"
EndProject
Project("{2150E333-8FDC-42A3-9474-1A3956D46DE8}") = "prove", "prove", "{96AE7A63-FBAF-4768-96CF-AC9542B9E664}"
EndProject
Project("{9A19103F-16F7-4668-BE54-9A1E7A4F7556}") = "Develop02", "prove\Develop02\Develop02.csproj", "{F496A22A-5F06-4749-B996-D8DDDF6038A1}"
EndProject
Project("{9A19103F-16F7-4668-BE54-9A1E7A4F7556}") = "Develop03", "prove\Develop03\Develop03.csproj", "{BE7225CE-5C0E-4AFD-BE1A-4E3DC6E1C2DB}"
EndProject
Project("{9A19103F-16F7-4668-BE54-9A1E7A4F7556}") = "Develop04", "prove\Develop04\Develop04.csproj", "{D915FF26-52DC-4F18-AF0A-FE6057571FEB}"
EndProject
Project("{9A19103F-16F7-4668-BE54-9A1E7A4F7556}") = "Develop05", "prove\Develop05\Develop05.csproj", "{4B9808A7-465B-46C7-9AB0-DC14D8FF6B2F}"
EndProject
Project("{2150E333-8FDC-42A3-9474-1A3956D46DE8}") = "sandbox", "sandbox", "{C55C825B-8BD1-4336-95B4-EDDB4CCADFE5}"
EndProject
Project("{9A19103F-16F7-4668-BE54-9A1E7A4F7556}") = "Sandbox", "sandbox\Sandbox\Sandbox.csproj", "{324479EF-4375-470B-BC9B-8579795D430A}"
EndProject
Global
	GlobalSection(SolutionConfigurationPlatforms) = preSolution
		Debug|Any CPU = Debug|Any CPU
		Release|Any CPU = Release|Any CPU
	EndGlobalSection
	GlobalSection(ProjectConfigurationPlatforms) = postSolution
		{DC1E4536-9675-42FE-8466-E9ADEC35CAC7}.Debug|Any CPU.ActiveCfg = Debug|Any CPU
		{DC1E4536-9675-42FE-8466-E9ADEC35CAC7}.Debug|Any CPU.Build.0 = Debug|Any CPU
		{DC1E4536-9675-42FE-8466-E9ADEC35CAC7}.Release|Any CPU.ActiveCfg = Release|Any CPU
		{DC1E4536-9675-42FE-8466-E9ADEC35CAC7}.Release|Any CPU.Build.0 = Release|Any CPU
		{AF5FB453-CAD3-4834-9F91-3493EEE5BC05}.Debug|Any CPU.ActiveCfg = Debug|Any CPU
		{AF5FB453-CAD3-4834-9F91-3493EEE5BC05}.Debug|Any CPU.Build.0 = Debug|Any CPU
		{AF5FB453-CAD3-4834-9F91-3493EEE5BC05}.Release|Any CPU.ActiveCfg = Release|Any CPU
		{AF5FB453-CAD3-4834-9F91-3493EEE5BC05}.Release|Any CPU.Build.0 = Release|Any CPU
		{13842FAE-715F-4FB0-9BA3-15500012DDC8}.Debug|Any CPU.ActiveCfg = Debug|Any CPU
		{13842FAE-715F-4FB0-9BA3-15500012DDC8}.Debug|Any CPU.Build.0 = Debug|Any CPU
		{13842FAE-715F-4FB0-9BA3-15500012DDC8}.Release|Any CPU.ActiveCfg = Release|Any CPU
		{13842FAE-715F-4FB0-9BA3-15500012DDC8}.Release|Any CPU.Build.0 = Release|Any CPU
		{C2FDA1A3-9826-4B8E-9F08-688060CC16BC}.Debug|Any CPU.ActiveCfg = Debug|Any CPU
		{C2FDA1A3-9826-4B8E-9F08-688060CC16BC}.Debug|Any CPU.Build.0 = Debug|Any CPU
		{C2FDA1A3-9826-4B8E-9F08-688060CC16BC}.Release|Any CPU.ActiveCfg = Release|Any CPU
		{C2FDA1A3-9826-4B8E-9F08-688060CC16BC}.Release|Any CPU.Build.0 = Release|Any CPU
		{4F709BD0-1CFB-4F5D-B112-DDB9A941EB43}.Debug|Any CPU.ActiveCfg = Debug|Any CPU
		{4F709BD0-1CFB-4F5D-B112-DDB9A941EB43}.Debug|Any CPU.Build.0 = Debug|Any CPU
		{4F709BD0-1CFB-4F5D-B112-DDB9A941EB43}.Release|Any CPU.ActiveCfg = Release|Any CPU
		{4F709BD0-1CFB-4F5D-B112-DDB9A941EB43}.Release|Any CPU.Build.0 = Release|Any CPU
		{08022C1D-63AD-45E2-A2E6-BCED8E8F6A9D}.Debug|Any CPU.ActiveCfg = Debug|Any CPU
		{08022C1D-63AD-45E2-A2E6-BCED8E8F6A9D}.Debug|Any CPU.Build.0 = Debug|Any CPU
		{08022C1D-63AD-45E2-A2E6-BCED8E8F6A9D}.Release|Any CPU.ActiveCfg = Release|Any CPU
		{08022C1D-63AD-45E2-A2E6-BCED8E8F6A9D}.Release|Any CPU.Build.0 = Release|Any CPU
		{F456A039-228A-412A-A9A6-9B1F1E6026B0}.Debug|Any CPU.ActiveCfg = Debug|Any CPU
		{F456A039-228A-412A-A9A6-9B1F1E6026B0}.Debug|Any CPU.Build.0 = Debug|Any CPU
		{F456A039-228A-412A-A9A6-9B1F1E6026B0}.Release|Any CPU.ActiveCfg = Release|Any CPU
		{F456A039-228A-412A-A9A6-9B1F1E6026B0}.Release|Any CPU.Build.0 = Release|Any CPU
		{AA38980D-7B3B-4574-8E69-F94372E1E186}.Debug|Any CPU.ActiveCfg = Debug|Any CPU
		{AA38980D-7B3B-4574-8E69-F94372E1E186}.Debug|Any CPU.Build.0 = Debug|Any CPU
		{AA38980D-7B3B-4574-8E69-F94372E1E186}.Release|Any CPU.ActiveCfg = Release|Any CPU
		{AA38980D-7B3B-4574-8E69-F94372E1E186}.Release|Any CPU.Build.0 = Release|Any CPU
		{C27FAF5C-D98F-4396-A028-F3242A172100}.Debug|Any CPU.ActiveCfg = Debug|Any CPU
		{C27FAF5C-D98F-4396-A028-F3242A172100}.Debug|Any CPU.Build.0 = Debug|Any CPU
		{C27FAF5C-D98F-4396-A028-F3242A172100}.Release|Any CPU.ActiveCfg = Release|Any CPU
		{C27FAF5C-D98F-4396-A028-F3242A172100}.Release|Any CPU.Build.0 = Release|Any CPU
		{1DE82E79-194A-46B0-89D0-59219E760CA2}.Debug|Any CPU.ActiveCfg = Debug|Any CPU
		{1DE82E79-194A-46B0-89D0-59219E760CA2}.Debug|Any CPU.Build.0 = Debug|Any CPU
		{1DE82E79-194A-46B0-89D0-59219E760CA2}.Release|Any CPU.ActiveCfg = Release|Any CPU
		{1DE82E79-194A-46B0-89D0-59219E760CA2}.Release|Any CPU.Build.0 = Release|Any CPU
		{5A3E38FE-CF23-4EC4-8FA3-F8133A70E2EE}.Debug|Any CPU.ActiveCfg = Debug|Any CPU
		{5A3E38FE-CF23-4EC4-8FA3-F8133A70E2EE}.Debug|Any CPU.Build.0 = Debug|Any CPU
		{5A3E38FE-CF23-4EC4-8FA3-F8133A70E2EE}.Release|Any CPU.ActiveCfg = Release|Any CPU
		{5A3E38FE-CF23-4EC4-8FA3-F8133A70E2EE}.Release|Any CPU.Build.0 = Release|Any CPU
		{1E1B3242-8994-4F2F-B17F-FBACC8772F08}.Debug|Any CPU.ActiveCfg = Debug|Any CPU
		{1E1B3242-8994-4F2F-B17F-FBACC8772F08}.Debug|Any CPU.Build.0 = Debug|Any CPU
		{1E1B3242-8994-4F2F-B17F-FBACC8772F08}.Release|Any CPU.ActiveCfg = Release|Any CPU
		{1E1B3242-8994-4F2F-B17F-FBACC8772F08}.Release|Any CPU.Build.0 = Release|Any CPU
		{B48DD1BE-C553-488B-A2EA-FB0739718C5B}.Debug|Any CPU.ActiveCfg = Debug|Any CPU
		{B48DD1BE-C553-488B-A2EA-FB0739718C5B}.Debug|Any CPU.Build.0 = Debug|Any CPU
		{B48DD1BE-C553-488B-A2EA-FB0739718C5B}.Release|Any CPU.ActiveCfg = Release|Any CPU
		{B48DD1BE-C553-488B-A2EA-FB0739718C5B}.Release|Any CPU.Build.0 = Release|Any CPU
		{BBFAA1AF-A9EA-4A9A-8801-712DBC091E47}.Debug|Any CPU.ActiveCfg = Debug|Any CPU
		{BBFAA1AF-A9EA-4A9A-8801-712DBC091E47}.Debug|Any CPU.Build.0 = Debug|Any CPU
		{BBFAA1AF-A9EA-4A9A-8801-712DBC091E47}.Release|Any CPU.ActiveCfg = Release|Any CPU
		{BBFAA1AF-A9EA-4A9A-8801-712DBC091E47}.Release|Any CPU.Build.0 = Release|Any CPU
		{F496A22A-5F06-4749-B996-D8DDDF6038A1}.Debug|Any CPU.ActiveCfg = Debug|Any CPU
		{F496A22A-5F06-4749-B996-D8DDDF6038A1}.Debug|Any CPU.Build.0 = Debug|Any CPU
		{F496A22A-5F06-4749-B996-D8DDDF6038A1}.Release|Any CPU.ActiveCfg = Release|Any CPU
		{F496A22A-5F06-4749-B996-D8DDDF6038A1}.Release|Any CPU.Build.0 = Release|Any CPU
		{BE7225CE-5C0E-4AFD-BE1A-4E3DC6E1C2DB}.Debug|Any CPU.ActiveCfg = Debug|Any CPU
		{BE7225CE-5C0E-4AFD-BE1A-4E3DC6E1C2DB}.Debug|Any CPU.Build.0 = Debug|Any CPU
		{BE7225CE-5C0E-4AFD-BE1A-4E3DC6E1C2DB}.Release|Any CPU.ActiveCfg = Release|Any CPU
		{BE7225CE-5C0E-4AFD-BE1A-4E3DC6E1C2DB}.Release|Any CPU.Build.0 = Release|Any CPU
		{D915FF26-52DC-4F18-AF0A-FE6057571FEB}.Debug|Any CPU.ActiveCfg = Debug|Any CPU
		{D915FF26-52DC-4F18-AF0A-FE6057571FEB}.Debug|Any CPU.Build.0 = Debug|Any CPU
		{D915FF26-52DC-4F18-AF0A-FE6057571FEB}.Release|Any CPU.ActiveCfg = Release|Any CPU
		{D915FF26-52DC-4F18-AF0A-FE6057571FEB}.Release|Any CPU.Build.0 = Release|Any CPU
		{4B9808A7-465B-46C7-9AB0-DC14D8FF6B2F}.Debug|Any CPU.ActiveCfg = Debug|Any CPU
		{4B9808A7-465B-46C7-9AB0-DC14D8FF6B2F}.Debug|Any CPU.Build.0 = Debug|Any CPU
		{4B9808A7-465B-46C7-9AB0-DC14D8FF6B2F}.Release|Any CPU.ActiveCfg = Release|Any CPU
		{4B9808A7-465B-46C7-9AB0-DC14D8FF6B2F}.Release|Any CPU.Build.0 = Release|Any CPU
		{324479EF-4375-470B-BC9B-8579795D430A}.Debug|Any CPU.ActiveCfg = Debug|Any CPU
		{324479EF-4375-470B-BC9B-8579795D430A}.Debug|Any CPU.Build.0 = Debug|Any CPU
		{324479EF-4375-470B-BC9B-8579795D430A}.Release|Any CPU.ActiveCfg = Release|Any CPU
		{324479EF-4375-470B-BC9B-8579795D430A}.Release|Any CPU.Build.0 = Release|Any CPU
	EndGlobalSection
	GlobalSection(SolutionProperties) = preSolution
		HideSolutionNode = FALSE
	EndGlobalSection
	GlobalSection(NestedProjects) = preSolution
		{DC1E4536-9675-42FE-8466-E9ADEC35CAC7} = {955AB1EF-3C17-47E2-9479-D28E63052D0D}
		{AF5FB453-CAD3-4834-9F91-3493EEE5BC05} = {955AB1EF-3C17-47E2-9479-D28E63052D0D}
		{13842FAE-715F-4FB0-9BA3-15500012DDC8} = {955AB1EF-3C17-47E2-9479-D28E63052D0D}
		{C2FDA1A3-9826-4B8E-9F08-688060CC16BC} = {955AB1EF-3C17-47E2-9479-D28E63052D0D}
		{4F709BD0-1CFB-4F5D-B112-DDB9A941EB43} = {955AB1EF-3C17-47E2-9479-D28E63052D0D}
		{08022C1D-63AD-45E2-A2E6-BCED8E8F6A9D} = {66D32934-C636-4B82-A93E-C61AD555988E}
		{F456A039-228A-412A-A9A6-9B1F1E6026B0} = {66D32934-C636-4B82-A93E-C61AD555988E}
		{AA38980D-7B3B-4574-8E69-F94372E1E186} = {66D32934-C636-4B82-A93E-C61AD555988E}
		{C27FAF5C-D98F-4396-A028-F3242A172100} = {66D32934-C636-4B82-A93E-C61AD555988E}
		{1DE82E79-194A-46B0-89D0-59219E760CA2} = {66D32934-C636-4B82-A93E-C61AD555988E}
		{5A3E38FE-CF23-4EC4-8FA3-F8133A70E2EE} = {61D1A91D-4EE8-4A89-AF83-3E5E6E781C29}
		{1E1B3242-8994-4F2F-B17F-FBACC8772F08} = {61D1A91D-4EE8-4A89-AF83-3E5E6E781C29}
		{B48DD1BE-C553-488B-A2EA-FB0739718C5B} = {61D1A91D-4EE8-4A89-AF83-3E5E6E781C29}
		{BBFAA1AF-A9EA-4A9A-8801-712DBC091E47} = {61D1A91D-4EE8-4A89-AF83-3E5E6E781C29}
		{F496A22A-5F06-4749-B996-D8DDDF6038A1} = {96AE7A63-FBAF-4768-96CF-AC9542B9E664}
		{BE7225CE-5C0E-4AFD-BE1A-4E3DC6E1C2DB} = {96AE7A63-FBAF-4768-96CF-AC9542B9E664}
		{D915FF26-52DC-4F18-AF0A-FE6057571FEB} = {96AE7A63-FBAF-4768-96CF-AC9542B9E664}
		{4B9808A7-465B-46C7-9AB0-DC14D8FF6B2F} = {96AE7A63-FBAF-4768-96CF-AC9542B9E664}
		{324479EF-4375-470B-BC9B-8579795D430A} = {C55C825B-8BD1-4336-95B4-EDDB4CCADFE5}
	EndGlobalSection
	GlobalSection(ExtensibilityGlobals) = postSolution
		SolutionGuid = {BABCC96F-F047-4FF4-89EF-021D9586E06E}
	EndGlobalSection
EndGlobal
